
Microsoft Visual Studio Solution File, Format Version 12.00
# Visual Studio 15
VisualStudioVersion = 15.0.28307.106
MinimumVisualStudioVersion = 10.0.40219.1
Project("{FAE04EC0-301F-11D3-BF4B-00C04F79EFBC}") = "Problem 1.Basic Stack Operations", "Problem 1.Basic Stack Operations\Problem 1.Basic Stack Operations.csproj", "{B66343A8-DCD7-4ADC-B9FB-E4E7252D69C8}"
EndProject
Global
	GlobalSection(SolutionConfigurationPlatforms) = preSolution
		Debug|Any CPU = Debug|Any CPU
		Release|Any CPU = Release|Any CPU
	EndGlobalSection
	GlobalSection(ProjectConfigurationPlatforms) = postSolution
		{B66343A8-DCD7-4ADC-B9FB-E4E7252D69C8}.Debug|Any CPU.ActiveCfg = Debug|Any CPU
		{B66343A8-DCD7-4ADC-B9FB-E4E7252D69C8}.Debug|Any CPU.Build.0 = Debug|Any CPU
		{B66343A8-DCD7-4ADC-B9FB-E4E7252D69C8}.Release|Any CPU.ActiveCfg = Release|Any CPU
		{B66343A8-DCD7-4ADC-B9FB-E4E7252D69C8}.Release|Any CPU.Build.0 = Release|Any CPU
	EndGlobalSection
	GlobalSection(SolutionProperties) = preSolution
		HideSolutionNode = FALSE
	EndGlobalSection
	GlobalSection(ExtensibilityGlobals) = postSolution
		SolutionGuid = {1DB9476F-F1EB-4EAB-B520-29DA6F1AC2C0}
	EndGlobalSection
EndGlobal
